
Microsoft Visual Studio Solution File, Format Version 12.00
# Visual Studio 14
VisualStudioVersion = 14.0.23107.0
MinimumVisualStudioVersion = 10.0.40219.1
Project("{262852C6-CD72-467D-83FE-5EEB1973A190}") = "IonicScrolling", "IonicScrolling\IonicScrolling.jsproj", "{C775FDF0-9A24-469D-84C4-9520D0172044}"
EndProject
Project("{262852C6-CD72-467D-83FE-5EEB1973A190}") = "BlankCordovaApp1", "BlankCordovaApp1\BlankCordovaApp1.jsproj", "{AAE74AA7-A884-486C-8EA9-1C4AC90612D6}"
EndProject
Project("{262852C6-CD72-467D-83FE-5EEB1973A190}") = "Animations", "Animations\Animations.jsproj", "{B51AD121-DD27-4CD4-9E90-8EB9E7D38482}"
EndProject
Global
	GlobalSection(SolutionConfigurationPlatforms) = preSolution
		Debug|Android = Debug|Android
		Debug|Any CPU = Debug|Any CPU
		Debug|ARM = Debug|ARM
		Debug|iOS = Debug|iOS
		Debug|Windows Phone (Universal) = Debug|Windows Phone (Universal)
		Debug|Windows Phone 8 = Debug|Windows Phone 8
		Debug|Windows-AnyCPU = Debug|Windows-AnyCPU
		Debug|Windows-ARM = Debug|Windows-ARM
		Debug|Windows-x64 = Debug|Windows-x64
		Debug|Windows-x86 = Debug|Windows-x86
		Debug|x64 = Debug|x64
		Debug|x86 = Debug|x86
		Release|Android = Release|Android
		Release|Any CPU = Release|Any CPU
		Release|ARM = Release|ARM
		Release|iOS = Release|iOS
		Release|Windows Phone (Universal) = Release|Windows Phone (Universal)
		Release|Windows Phone 8 = Release|Windows Phone 8
		Release|Windows-AnyCPU = Release|Windows-AnyCPU
		Release|Windows-ARM = Release|Windows-ARM
		Release|Windows-x64 = Release|Windows-x64
		Release|Windows-x86 = Release|Windows-x86
		Release|x64 = Release|x64
		Release|x86 = Release|x86
	EndGlobalSection
	GlobalSection(ProjectConfigurationPlatforms) = postSolution
		{C775FDF0-9A24-469D-84C4-9520D0172044}.Debug|Android.ActiveCfg = Debug|Android
		{C775FDF0-9A24-469D-84C4-9520D0172044}.Debug|Android.Build.0 = Debug|Android
		{C775FDF0-9A24-469D-84C4-9520D0172044}.Debug|Android.Deploy.0 = Debug|Android
		{C775FDF0-9A24-469D-84C4-9520D0172044}.Debug|Any CPU.ActiveCfg = Debug|Android
		{C775FDF0-9A24-469D-84C4-9520D0172044}.Debug|ARM.ActiveCfg = Debug|Windows-ARM
		{C775FDF0-9A24-469D-84C4-9520D0172044}.Debug|iOS.ActiveCfg = Debug|iOS
		{C775FDF0-9A24-469D-84C4-9520D0172044}.Debug|iOS.Build.0 = Debug|iOS
		{C775FDF0-9A24-469D-84C4-9520D0172044}.Debug|iOS.Deploy.0 = Debug|iOS
		{C775FDF0-9A24-469D-84C4-9520D0172044}.Debug|Windows Phone (Universal).ActiveCfg = Debug|Windows Phone (Universal)
		{C775FDF0-9A24-469D-84C4-9520D0172044}.Debug|Windows Phone (Universal).Build.0 = Debug|Windows Phone (Universal)
		{C775FDF0-9A24-469D-84C4-9520D0172044}.Debug|Windows Phone (Universal).Deploy.0 = Debug|Windows Phone (Universal)
		{C775FDF0-9A24-469D-84C4-9520D0172044}.Debug|Windows Phone 8.ActiveCfg = Debug|Windows Phone 8
		{C775FDF0-9A24-469D-84C4-9520D0172044}.Debug|Windows Phone 8.Build.0 = Debug|Windows Phone 8
		{C775FDF0-9A24-469D-84C4-9520D0172044}.Debug|Windows Phone 8.Deploy.0 = Debug|Windows Phone 8
		{C775FDF0-9A24-469D-84C4-9520D0172044}.Debug|Windows-AnyCPU.ActiveCfg = Debug|Windows-AnyCPU
		{C775FDF0-9A24-469D-84C4-9520D0172044}.Debug|Windows-AnyCPU.Build.0 = Debug|Windows-AnyCPU
		{C775FDF0-9A24-469D-84C4-9520D0172044}.Debug|Windows-AnyCPU.Deploy.0 = Debug|Windows-AnyCPU
		{C775FDF0-9A24-469D-84C4-9520D0172044}.Debug|Windows-ARM.ActiveCfg = Debug|Windows-ARM
		{C775FDF0-9A24-469D-84C4-9520D0172044}.Debug|Windows-ARM.Build.0 = Debug|Windows-ARM
		{C775FDF0-9A24-469D-84C4-9520D0172044}.Debug|Windows-ARM.Deploy.0 = Debug|Windows-ARM
		{C775FDF0-9A24-469D-84C4-9520D0172044}.Debug|Windows-x64.ActiveCfg = Debug|Windows-x64
		{C775FDF0-9A24-469D-84C4-9520D0172044}.Debug|Windows-x64.Build.0 = Debug|Windows-x64
		{C775FDF0-9A24-469D-84C4-9520D0172044}.Debug|Windows-x64.Deploy.0 = Debug|Windows-x64
		{C775FDF0-9A24-469D-84C4-9520D0172044}.Debug|Windows-x86.ActiveCfg = Debug|Windows-x86
		{C775FDF0-9A24-469D-84C4-9520D0172044}.Debug|Windows-x86.Build.0 = Debug|Windows-x86
		{C775FDF0-9A24-469D-84C4-9520D0172044}.Debug|Windows-x86.Deploy.0 = Debug|Windows-x86
		{C775FDF0-9A24-469D-84C4-9520D0172044}.Debug|x64.ActiveCfg = Debug|Windows-x64
		{C775FDF0-9A24-469D-84C4-9520D0172044}.Debug|x86.ActiveCfg = Debug|Windows-x86
		{C775FDF0-9A24-469D-84C4-9520D0172044}.Release|Android.ActiveCfg = Release|Android
		{C775FDF0-9A24-469D-84C4-9520D0172044}.Release|Android.Build.0 = Release|Android
		{C775FDF0-9A24-469D-84C4-9520D0172044}.Release|Android.Deploy.0 = Release|Android
		{C775FDF0-9A24-469D-84C4-9520D0172044}.Release|Any CPU.ActiveCfg = Release|Android
		{C775FDF0-9A24-469D-84C4-9520D0172044}.Release|ARM.ActiveCfg = Release|Windows-ARM
		{C775FDF0-9A24-469D-84C4-9520D0172044}.Release|iOS.ActiveCfg = Release|iOS
		{C775FDF0-9A24-469D-84C4-9520D0172044}.Release|iOS.Build.0 = Release|iOS
		{C775FDF0-9A24-469D-84C4-9520D0172044}.Release|iOS.Deploy.0 = Release|iOS
		{C775FDF0-9A24-469D-84C4-9520D0172044}.Release|Windows Phone (Universal).ActiveCfg = Release|Windows Phone (Universal)
		{C775FDF0-9A24-469D-84C4-9520D0172044}.Release|Windows Phone (Universal).Build.0 = Release|Windows Phone (Universal)
		{C775FDF0-9A24-469D-84C4-9520D0172044}.Release|Windows Phone (Universal).Deploy.0 = Release|Windows Phone (Universal)
		{C775FDF0-9A24-469D-84C4-9520D0172044}.Release|Windows Phone 8.ActiveCfg = Release|Windows Phone 8
		{C775FDF0-9A24-469D-84C4-9520D0172044}.Release|Windows Phone 8.Build.0 = Release|Windows Phone 8
		{C775FDF0-9A24-469D-84C4-9520D0172044}.Release|Windows Phone 8.Deploy.0 = Release|Windows Phone 8
		{C775FDF0-9A24-469D-84C4-9520D0172044}.Release|Windows-AnyCPU.ActiveCfg = Release|Windows-AnyCPU
		{C775FDF0-9A24-469D-84C4-9520D0172044}.Release|Windows-AnyCPU.Build.0 = Release|Windows-AnyCPU
		{C775FDF0-9A24-469D-84C4-9520D0172044}.Release|Windows-AnyCPU.Deploy.0 = Release|Windows-AnyCPU
		{C775FDF0-9A24-469D-84C4-9520D0172044}.Release|Windows-ARM.ActiveCfg = Release|Windows-ARM
		{C775FDF0-9A24-469D-84C4-9520D0172044}.Release|Windows-ARM.Build.0 = Release|Windows-ARM
		{C775FDF0-9A24-469D-84C4-9520D0172044}.Release|Windows-ARM.Deploy.0 = Release|Windows-ARM
		{C775FDF0-9A24-469D-84C4-9520D0172044}.Release|Windows-x64.ActiveCfg = Release|Windows-x64
		{C775FDF0-9A24-469D-84C4-9520D0172044}.Release|Windows-x64.Build.0 = Release|Windows-x64
		{C775FDF0-9A24-469D-84C4-9520D0172044}.Release|Windows-x64.Deploy.0 = Release|Windows-x64
		{C775FDF0-9A24-469D-84C4-9520D0172044}.Release|Windows-x86.ActiveCfg = Release|Windows-x86
		{C775FDF0-9A24-469D-84C4-9520D0172044}.Release|Windows-x86.Build.0 = Release|Windows-x86
		{C775FDF0-9A24-469D-84C4-9520D0172044}.Release|Windows-x86.Deploy.0 = Release|Windows-x86
		{C775FDF0-9A24-469D-84C4-9520D0172044}.Release|x64.ActiveCfg = Release|Windows-x64
		{C775FDF0-9A24-469D-84C4-9520D0172044}.Release|x86.ActiveCfg = Release|Windows-x86
		{AAE74AA7-A884-486C-8EA9-1C4AC90612D6}.Debug|Android.ActiveCfg = Debug|Android
		{AAE74AA7-A884-486C-8EA9-1C4AC90612D6}.Debug|Android.Build.0 = Debug|Android
		{AAE74AA7-A884-486C-8EA9-1C4AC90612D6}.Debug|Android.Deploy.0 = Debug|Android
		{AAE74AA7-A884-486C-8EA9-1C4AC90612D6}.Debug|Any CPU.ActiveCfg = Debug|Android
		{AAE74AA7-A884-486C-8EA9-1C4AC90612D6}.Debug|ARM.ActiveCfg = Debug|Windows-ARM
		{AAE74AA7-A884-486C-8EA9-1C4AC90612D6}.Debug|iOS.ActiveCfg = Debug|iOS
		{AAE74AA7-A884-486C-8EA9-1C4AC90612D6}.Debug|iOS.Build.0 = Debug|iOS
		{AAE74AA7-A884-486C-8EA9-1C4AC90612D6}.Debug|iOS.Deploy.0 = Debug|iOS
		{AAE74AA7-A884-486C-8EA9-1C4AC90612D6}.Debug|Windows Phone (Universal).ActiveCfg = Debug|Windows Phone (Universal)
		{AAE74AA7-A884-486C-8EA9-1C4AC90612D6}.Debug|Windows Phone (Universal).Build.0 = Debug|Windows Phone (Universal)
		{AAE74AA7-A884-486C-8EA9-1C4AC90612D6}.Debug|Windows Phone (Universal).Deploy.0 = Debug|Windows Phone (Universal)
		{AAE74AA7-A884-486C-8EA9-1C4AC90612D6}.Debug|Windows Phone 8.ActiveCfg = Debug|Windows Phone 8
		{AAE74AA7-A884-486C-8EA9-1C4AC90612D6}.Debug|Windows Phone 8.Build.0 = Debug|Windows Phone 8
		{AAE74AA7-A884-486C-8EA9-1C4AC90612D6}.Debug|Windows Phone 8.Deploy.0 = Debug|Windows Phone 8
		{AAE74AA7-A884-486C-8EA9-1C4AC90612D6}.Debug|Windows-AnyCPU.ActiveCfg = Debug|Windows-AnyCPU
		{AAE74AA7-A884-486C-8EA9-1C4AC90612D6}.Debug|Windows-AnyCPU.Build.0 = Debug|Windows-AnyCPU
		{AAE74AA7-A884-486C-8EA9-1C4AC90612D6}.Debug|Windows-AnyCPU.Deploy.0 = Debug|Windows-AnyCPU
		{AAE74AA7-A884-486C-8EA9-1C4AC90612D6}.Debug|Windows-ARM.ActiveCfg = Debug|Windows-ARM
		{AAE74AA7-A884-486C-8EA9-1C4AC90612D6}.Debug|Windows-ARM.Build.0 = Debug|Windows-ARM
		{AAE74AA7-A884-486C-8EA9-1C4AC90612D6}.Debug|Windows-ARM.Deploy.0 = Debug|Windows-ARM
		{AAE74AA7-A884-486C-8EA9-1C4AC90612D6}.Debug|Windows-x64.ActiveCfg = Debug|Windows-x64
		{AAE74AA7-A884-486C-8EA9-1C4AC90612D6}.Debug|Windows-x64.Build.0 = Debug|Windows-x64
		{AAE74AA7-A884-486C-8EA9-1C4AC90612D6}.Debug|Windows-x64.Deploy.0 = Debug|Windows-x64
		{AAE74AA7-A884-486C-8EA9-1C4AC90612D6}.Debug|Windows-x86.ActiveCfg = Debug|Windows-x86
		{AAE74AA7-A884-486C-8EA9-1C4AC90612D6}.Debug|Windows-x86.Build.0 = Debug|Windows-x86
		{AAE74AA7-A884-486C-8EA9-1C4AC90612D6}.Debug|Windows-x86.Deploy.0 = Debug|Windows-x86
		{AAE74AA7-A884-486C-8EA9-1C4AC90612D6}.Debug|x64.ActiveCfg = Debug|Windows-x64
		{AAE74AA7-A884-486C-8EA9-1C4AC90612D6}.Debug|x86.ActiveCfg = Debug|Windows-x86
		{AAE74AA7-A884-486C-8EA9-1C4AC90612D6}.Release|Android.ActiveCfg = Release|Android
		{AAE74AA7-A884-486C-8EA9-1C4AC90612D6}.Release|Android.Build.0 = Release|Android
		{AAE74AA7-A884-486C-8EA9-1C4AC90612D6}.Release|Android.Deploy.0 = Release|Android
		{AAE74AA7-A884-486C-8EA9-1C4AC90612D6}.Release|Any CPU.ActiveCfg = Release|Android
		{AAE74AA7-A884-486C-8EA9-1C4AC90612D6}.Release|ARM.ActiveCfg = Release|Windows-ARM
		{AAE74AA7-A884-486C-8EA9-1C4AC90612D6}.Release|iOS.ActiveCfg = Release|iOS
		{AAE74AA7-A884-486C-8EA9-1C4AC90612D6}.Release|iOS.Build.0 = Release|iOS
		{AAE74AA7-A884-486C-8EA9-1C4AC90612D6}.Release|iOS.Deploy.0 = Release|iOS
		{AAE74AA7-A884-486C-8EA9-1C4AC90612D6}.Release|Windows Phone (Universal).ActiveCfg = Release|Windows Phone (Universal)
		{AAE74AA7-A884-486C-8EA9-1C4AC90612D6}.Release|Windows Phone (Universal).Build.0 = Release|Windows Phone (Universal)
		{AAE74AA7-A884-486C-8EA9-1C4AC90612D6}.Release|Windows Phone (Universal).Deploy.0 = Release|Windows Phone (Universal)
		{AAE74AA7-A884-486C-8EA9-1C4AC90612D6}.Release|Windows Phone 8.ActiveCfg = Release|Windows Phone 8
		{AAE74AA7-A884-486C-8EA9-1C4AC90612D6}.Release|Windows Phone 8.Build.0 = Release|Windows Phone 8
		{AAE74AA7-A884-486C-8EA9-1C4AC90612D6}.Release|Windows Phone 8.Deploy.0 = Release|Windows Phone 8
		{AAE74AA7-A884-486C-8EA9-1C4AC90612D6}.Release|Windows-AnyCPU.ActiveCfg = Release|Windows-AnyCPU
		{AAE74AA7-A884-486C-8EA9-1C4AC90612D6}.Release|Windows-AnyCPU.Build.0 = Release|Windows-AnyCPU
		{AAE74AA7-A884-486C-8EA9-1C4AC90612D6}.Release|Windows-AnyCPU.Deploy.0 = Release|Windows-AnyCPU
		{AAE74AA7-A884-486C-8EA9-1C4AC90612D6}.Release|Windows-ARM.ActiveCfg = Release|Windows-ARM
		{AAE74AA7-A884-486C-8EA9-1C4AC90612D6}.Release|Windows-ARM.Build.0 = Release|Windows-ARM
		{AAE74AA7-A884-486C-8EA9-1C4AC90612D6}.Release|Windows-ARM.Deploy.0 = Release|Windows-ARM
		{AAE74AA7-A884-486C-8EA9-1C4AC90612D6}.Release|Windows-x64.ActiveCfg = Release|Windows-x64
		{AAE74AA7-A884-486C-8EA9-1C4AC90612D6}.Release|Windows-x64.Build.0 = Release|Windows-x64
		{AAE74AA7-A884-486C-8EA9-1C4AC90612D6}.Release|Windows-x64.Deploy.0 = Release|Windows-x64
		{AAE74AA7-A884-486C-8EA9-1C4AC90612D6}.Release|Windows-x86.ActiveCfg = Release|Windows-x86
		{AAE74AA7-A884-486C-8EA9-1C4AC90612D6}.Release|Windows-x86.Build.0 = Release|Windows-x86
		{AAE74AA7-A884-486C-8EA9-1C4AC90612D6}.Release|Windows-x86.Deploy.0 = Release|Windows-x86
		{AAE74AA7-A884-486C-8EA9-1C4AC90612D6}.Release|x64.ActiveCfg = Release|Windows-x64
		{AAE74AA7-A884-486C-8EA9-1C4AC90612D6}.Release|x86.ActiveCfg = Release|Windows-x86
		{B51AD121-DD27-4CD4-9E90-8EB9E7D38482}.Debug|Android.ActiveCfg = Debug|Android
		{B51AD121-DD27-4CD4-9E90-8EB9E7D38482}.Debug|Android.Build.0 = Debug|Android
		{B51AD121-DD27-4CD4-9E90-8EB9E7D38482}.Debug|Android.Deploy.0 = Debug|Android
		{B51AD121-DD27-4CD4-9E90-8EB9E7D38482}.Debug|Any CPU.ActiveCfg = Debug|Android
		{B51AD121-DD27-4CD4-9E90-8EB9E7D38482}.Debug|ARM.ActiveCfg = Debug|Windows-ARM
		{B51AD121-DD27-4CD4-9E90-8EB9E7D38482}.Debug|iOS.ActiveCfg = Debug|iOS
		{B51AD121-DD27-4CD4-9E90-8EB9E7D38482}.Debug|iOS.Build.0 = Debug|iOS
		{B51AD121-DD27-4CD4-9E90-8EB9E7D38482}.Debug|iOS.Deploy.0 = Debug|iOS
		{B51AD121-DD27-4CD4-9E90-8EB9E7D38482}.Debug|Windows Phone (Universal).ActiveCfg = Debug|Windows Phone (Universal)
		{B51AD121-DD27-4CD4-9E90-8EB9E7D38482}.Debug|Windows Phone (Universal).Build.0 = Debug|Windows Phone (Universal)
		{B51AD121-DD27-4CD4-9E90-8EB9E7D38482}.Debug|Windows Phone (Universal).Deploy.0 = Debug|Windows Phone (Universal)
		{B51AD121-DD27-4CD4-9E90-8EB9E7D38482}.Debug|Windows Phone 8.ActiveCfg = Debug|Windows Phone 8
		{B51AD121-DD27-4CD4-9E90-8EB9E7D38482}.Debug|Windows Phone 8.Build.0 = Debug|Windows Phone 8
		{B51AD121-DD27-4CD4-9E90-8EB9E7D38482}.Debug|Windows Phone 8.Deploy.0 = Debug|Windows Phone 8
		{B51AD121-DD27-4CD4-9E90-8EB9E7D38482}.Debug|Windows-AnyCPU.ActiveCfg = Debug|Windows-AnyCPU
		{B51AD121-DD27-4CD4-9E90-8EB9E7D38482}.Debug|Windows-AnyCPU.Build.0 = Debug|Windows-AnyCPU
		{B51AD121-DD27-4CD4-9E90-8EB9E7D38482}.Debug|Windows-AnyCPU.Deploy.0 = Debug|Windows-AnyCPU
		{B51AD121-DD27-4CD4-9E90-8EB9E7D38482}.Debug|Windows-ARM.ActiveCfg = Debug|Windows-ARM
		{B51AD121-DD27-4CD4-9E90-8EB9E7D38482}.Debug|Windows-ARM.Build.0 = Debug|Windows-ARM
		{B51AD121-DD27-4CD4-9E90-8EB9E7D38482}.Debug|Windows-ARM.Deploy.0 = Debug|Windows-ARM
		{B51AD121-DD27-4CD4-9E90-8EB9E7D38482}.Debug|Windows-x64.ActiveCfg = Debug|Windows-x64
		{B51AD121-DD27-4CD4-9E90-8EB9E7D38482}.Debug|Windows-x64.Build.0 = Debug|Windows-x64
		{B51AD121-DD27-4CD4-9E90-8EB9E7D38482}.Debug|Windows-x64.Deploy.0 = Debug|Windows-x64
		{B51AD121-DD27-4CD4-9E90-8EB9E7D38482}.Debug|Windows-x86.ActiveCfg = Debug|Windows-x86
		{B51AD121-DD27-4CD4-9E90-8EB9E7D38482}.Debug|Windows-x86.Build.0 = Debug|Windows-x86
		{B51AD121-DD27-4CD4-9E90-8EB9E7D38482}.Debug|Windows-x86.Deploy.0 = Debug|Windows-x86
		{B51AD121-DD27-4CD4-9E90-8EB9E7D38482}.Debug|x64.ActiveCfg = Debug|Windows-x64
		{B51AD121-DD27-4CD4-9E90-8EB9E7D38482}.Debug|x86.ActiveCfg = Debug|Windows-x86
		{B51AD121-DD27-4CD4-9E90-8EB9E7D38482}.Release|Android.ActiveCfg = Release|Android
		{B51AD121-DD27-4CD4-9E90-8EB9E7D38482}.Release|Android.Build.0 = Release|Android
		{B51AD121-DD27-4CD4-9E90-8EB9E7D38482}.Release|Android.Deploy.0 = Release|Android
		{B51AD121-DD27-4CD4-9E90-8EB9E7D38482}.Release|Any CPU.ActiveCfg = Release|Android
		{B51AD121-DD27-4CD4-9E90-8EB9E7D38482}.Release|ARM.ActiveCfg = Release|Windows-ARM
		{B51AD121-DD27-4CD4-9E90-8EB9E7D38482}.Release|iOS.ActiveCfg = Release|iOS
		{B51AD121-DD27-4CD4-9E90-8EB9E7D38482}.Release|iOS.Build.0 = Release|iOS
		{B51AD121-DD27-4CD4-9E90-8EB9E7D38482}.Release|iOS.Deploy.0 = Release|iOS
		{B51AD121-DD27-4CD4-9E90-8EB9E7D38482}.Release|Windows Phone (Universal).ActiveCfg = Release|Windows Phone (Universal)
		{B51AD121-DD27-4CD4-9E90-8EB9E7D38482}.Release|Windows Phone (Universal).Build.0 = Release|Windows Phone (Universal)
		{B51AD121-DD27-4CD4-9E90-8EB9E7D38482}.Release|Windows Phone (Universal).Deploy.0 = Release|Windows Phone (Universal)
		{B51AD121-DD27-4CD4-9E90-8EB9E7D38482}.Release|Windows Phone 8.ActiveCfg = Release|Windows Phone 8
		{B51AD121-DD27-4CD4-9E90-8EB9E7D38482}.Release|Windows Phone 8.Build.0 = Release|Windows Phone 8
		{B51AD121-DD27-4CD4-9E90-8EB9E7D38482}.Release|Windows Phone 8.Deploy.0 = Release|Windows Phone 8
		{B51AD121-DD27-4CD4-9E90-8EB9E7D38482}.Release|Windows-AnyCPU.ActiveCfg = Release|Windows-AnyCPU
		{B51AD121-DD27-4CD4-9E90-8EB9E7D38482}.Release|Windows-AnyCPU.Build.0 = Release|Windows-AnyCPU
		{B51AD121-DD27-4CD4-9E90-8EB9E7D38482}.Release|Windows-AnyCPU.Deploy.0 = Release|Windows-AnyCPU
		{B51AD121-DD27-4CD4-9E90-8EB9E7D38482}.Release|Windows-ARM.ActiveCfg = Release|Windows-ARM
		{B51AD121-DD27-4CD4-9E90-8EB9E7D38482}.Release|Windows-ARM.Build.0 = Release|Windows-ARM
		{B51AD121-DD27-4CD4-9E90-8EB9E7D38482}.Release|Windows-ARM.Deploy.0 = Release|Windows-ARM
		{B51AD121-DD27-4CD4-9E90-8EB9E7D38482}.Release|Windows-x64.ActiveCfg = Release|Windows-x64
		{B51AD121-DD27-4CD4-9E90-8EB9E7D38482}.Release|Windows-x64.Build.0 = Release|Windows-x64
		{B51AD121-DD27-4CD4-9E90-8EB9E7D38482}.Release|Windows-x64.Deploy.0 = Release|Windows-x64
		{B51AD121-DD27-4CD4-9E90-8EB9E7D38482}.Release|Windows-x86.ActiveCfg = Release|Windows-x86
		{B51AD121-DD27-4CD4-9E90-8EB9E7D38482}.Release|Windows-x86.Build.0 = Release|Windows-x86
		{B51AD121-DD27-4CD4-9E90-8EB9E7D38482}.Release|Windows-x86.Deploy.0 = Release|Windows-x86
		{B51AD121-DD27-4CD4-9E90-8EB9E7D38482}.Release|x64.ActiveCfg = Release|Windows-x64
		{B51AD121-DD27-4CD4-9E90-8EB9E7D38482}.Release|x86.ActiveCfg = Release|Windows-x86
	EndGlobalSection
	GlobalSection(SolutionProperties) = preSolution
		HideSolutionNode = FALSE
	EndGlobalSection
EndGlobal
